
Microsoft Visual Studio Solution File, Format Version 12.00
# Visual Studio Version 16
VisualStudioVersion = 16.0.30330.147
MinimumVisualStudioVersion = 10.0.40219.1
Project("{FAE04EC0-301F-11D3-BF4B-00C04F79EFBC}") = "WordUnscramblerProgram", "WordUnscramblerProgram\WordUnscramblerProgram.csproj", "{8EDF041C-0275-43C0-B332-C1FF8F567187}"
EndProject
Project("{FAE04EC0-301F-11D3-BF4B-00C04F79EFBC}") = "WordUnscrambler.Test.Unit", "WordUnscrambler.Test.Unit\WordUnscrambler.Test.Unit.csproj", "{CDF4EC93-4CBC-40D3-BDEC-3C512DC77042}"
EndProject
Global
	GlobalSection(SolutionConfigurationPlatforms) = preSolution
		Debug|Any CPU = Debug|Any CPU
		Release|Any CPU = Release|Any CPU
	EndGlobalSection
	GlobalSection(ProjectConfigurationPlatforms) = postSolution
		{8EDF041C-0275-43C0-B332-C1FF8F567187}.Debug|Any CPU.ActiveCfg = Debug|Any CPU
		{8EDF041C-0275-43C0-B332-C1FF8F567187}.Debug|Any CPU.Build.0 = Debug|Any CPU
		{8EDF041C-0275-43C0-B332-C1FF8F567187}.Release|Any CPU.ActiveCfg = Release|Any CPU
		{8EDF041C-0275-43C0-B332-C1FF8F567187}.Release|Any CPU.Build.0 = Release|Any CPU
		{CDF4EC93-4CBC-40D3-BDEC-3C512DC77042}.Debug|Any CPU.ActiveCfg = Debug|Any CPU
		{CDF4EC93-4CBC-40D3-BDEC-3C512DC77042}.Debug|Any CPU.Build.0 = Debug|Any CPU
		{CDF4EC93-4CBC-40D3-BDEC-3C512DC77042}.Release|Any CPU.ActiveCfg = Release|Any CPU
		{CDF4EC93-4CBC-40D3-BDEC-3C512DC77042}.Release|Any CPU.Build.0 = Release|Any CPU
	EndGlobalSection
	GlobalSection(SolutionProperties) = preSolution
		HideSolutionNode = FALSE
	EndGlobalSection
	GlobalSection(ExtensibilityGlobals) = postSolution
		SolutionGuid = {9423B4A9-074A-4A1D-BEB1-E2FAFCF4F383}
	EndGlobalSection
EndGlobal
